// !$*UTF8*$!
{
	archiveVersion = 1;
	classes = {
	};
	objectVersion = 55;
	objects = {

/* Begin PBXBuildFile section */
		869752EA27AE936800B499BB /* Trash_ReminderApp.swift in Sources */ = {isa = PBXBuildFile; fileRef = 869752E927AE936800B499BB /* Trash_ReminderApp.swift */; };
		869752EC27AE936800B499BB /* ContentView.swift in Sources */ = {isa = PBXBuildFile; fileRef = 869752EB27AE936800B499BB /* ContentView.swift */; };
		869752EE27AE936800B499BB /* Assets.xcassets in Resources */ = {isa = PBXBuildFile; fileRef = 869752ED27AE936800B499BB /* Assets.xcassets */; };
		869752F127AE936800B499BB /* Preview Assets.xcassets in Resources */ = {isa = PBXBuildFile; fileRef = 869752F027AE936800B499BB /* Preview Assets.xcassets */; };
		869752FA27AE944300B499BB /* Texturina-Italic.ttf in Resources */ = {isa = PBXBuildFile; fileRef = 869752F927AE944300B499BB /* Texturina-Italic.ttf */; };
		869752FF27AE964500B499BB /* Font.swift in Sources */ = {isa = PBXBuildFile; fileRef = 869752FE27AE964500B499BB /* Font.swift */; };
		8697530127AE96E200B499BB /* Texturina.ttf in Resources */ = {isa = PBXBuildFile; fileRef = 869752FB27AE95D900B499BB /* Texturina.ttf */; };
		8697530327AE987A00B499BB /* Color+Ext.swift in Sources */ = {isa = PBXBuildFile; fileRef = 8697530227AE987A00B499BB /* Color+Ext.swift */; };
		8697530527AE988700B499BB /* Assets.swift in Sources */ = {isa = PBXBuildFile; fileRef = 8697530427AE988700B499BB /* Assets.swift */; };
		8697530827AE995C00B499BB /* Reminder.swift in Sources */ = {isa = PBXBuildFile; fileRef = 8697530727AE995C00B499BB /* Reminder.swift */; };
		8697530D27AEA8E900B499BB /* ReminderView.swift in Sources */ = {isa = PBXBuildFile; fileRef = 8697530C27AEA8E900B499BB /* ReminderView.swift */; };
/* End PBXBuildFile section */

/* Begin PBXFileReference section */
		869752E627AE936800B499BB /* Trash Reminder.app */ = {isa = PBXFileReference; explicitFileType = wrapper.application; includeInIndex = 0; path = "Trash Reminder.app"; sourceTree = BUILT_PRODUCTS_DIR; };
		869752E927AE936800B499BB /* Trash_ReminderApp.swift */ = {isa = PBXFileReference; lastKnownFileType = sourcecode.swift; path = Trash_ReminderApp.swift; sourceTree = "<group>"; };
		869752EB27AE936800B499BB /* ContentView.swift */ = {isa = PBXFileReference; lastKnownFileType = sourcecode.swift; path = ContentView.swift; sourceTree = "<group>"; };
		869752ED27AE936800B499BB /* Assets.xcassets */ = {isa = PBXFileReference; lastKnownFileType = folder.assetcatalog; path = Assets.xcassets; sourceTree = "<group>"; };
		869752F027AE936800B499BB /* Preview Assets.xcassets */ = {isa = PBXFileReference; lastKnownFileType = folder.assetcatalog; path = "Preview Assets.xcassets"; sourceTree = "<group>"; };
		869752F927AE944300B499BB /* Texturina-Italic.ttf */ = {isa = PBXFileReference; lastKnownFileType = file; path = "Texturina-Italic.ttf"; sourceTree = "<group>"; };
		869752FB27AE95D900B499BB /* Texturina.ttf */ = {isa = PBXFileReference; lastKnownFileType = file; path = Texturina.ttf; sourceTree = "<group>"; };
		869752FD27AE961700B499BB /* Trash-Reminder-Info.plist */ = {isa = PBXFileReference; lastKnownFileType = text.plist; path = "Trash-Reminder-Info.plist"; sourceTree = SOURCE_ROOT; };
		869752FE27AE964500B499BB /* Font.swift */ = {isa = PBXFileReference; lastKnownFileType = sourcecode.swift; path = Font.swift; sourceTree = "<group>"; };
		8697530227AE987A00B499BB /* Color+Ext.swift */ = {isa = PBXFileReference; lastKnownFileType = sourcecode.swift; path = "Color+Ext.swift"; sourceTree = "<group>"; };
		8697530427AE988700B499BB /* Assets.swift */ = {isa = PBXFileReference; lastKnownFileType = sourcecode.swift; path = Assets.swift; sourceTree = "<group>"; };
		8697530727AE995C00B499BB /* Reminder.swift */ = {isa = PBXFileReference; lastKnownFileType = sourcecode.swift; path = Reminder.swift; sourceTree = "<group>"; };
		8697530C27AEA8E900B499BB /* ReminderView.swift */ = {isa = PBXFileReference; lastKnownFileType = sourcecode.swift; path = ReminderView.swift; sourceTree = "<group>"; };
/* End PBXFileReference section */

/* Begin PBXFrameworksBuildPhase section */
		869752E327AE936800B499BB /* Frameworks */ = {
			isa = PBXFrameworksBuildPhase;
			buildActionMask = 2147483647;
			files = (
			);
			runOnlyForDeploymentPostprocessing = 0;
		};
/* End PBXFrameworksBuildPhase section */

/* Begin PBXGroup section */
		869752DD27AE936800B499BB = {
			isa = PBXGroup;
			children = (
				869752E827AE936800B499BB /* Trash Reminder */,
				869752E727AE936800B499BB /* Products */,
			);
			sourceTree = "<group>";
		};
		869752E727AE936800B499BB /* Products */ = {
			isa = PBXGroup;
			children = (
				869752E627AE936800B499BB /* Trash Reminder.app */,
			);
			name = Products;
			sourceTree = "<group>";
		};
		869752E827AE936800B499BB /* Trash Reminder */ = {
			isa = PBXGroup;
			children = (
				8697530927AE99BB00B499BB /* Model */,
				869752F827AE941D00B499BB /* View */,
				869752F727AE941700B499BB /* Support */,
				8697530627AE988D00B499BB /* Utils */,
				869752FD27AE961700B499BB /* Trash-Reminder-Info.plist */,
				869752EF27AE936800B499BB /* Preview Content */,
			);
			path = "Trash Reminder";
			sourceTree = "<group>";
		};
		869752EF27AE936800B499BB /* Preview Content */ = {
			isa = PBXGroup;
			children = (
				869752F027AE936800B499BB /* Preview Assets.xcassets */,
			);
			path = "Preview Content";
			sourceTree = "<group>";
		};
		869752F727AE941700B499BB /* Support */ = {
			isa = PBXGroup;
			children = (
				869752E927AE936800B499BB /* Trash_ReminderApp.swift */,
				869752ED27AE936800B499BB /* Assets.xcassets */,
			);
			path = Support;
			sourceTree = "<group>";
		};
		869752F827AE941D00B499BB /* View */ = {
			isa = PBXGroup;
			children = (
				869752EB27AE936800B499BB /* ContentView.swift */,
				8697530C27AEA8E900B499BB /* ReminderView.swift */,
			);
			path = View;
			sourceTree = "<group>";
		};
		8697530027AE96A100B499BB /* Font */ = {
			isa = PBXGroup;
			children = (
				869752F927AE944300B499BB /* Texturina-Italic.ttf */,
				869752FB27AE95D900B499BB /* Texturina.ttf */,
				869752FE27AE964500B499BB /* Font.swift */,
			);
			path = Font;
			sourceTree = "<group>";
		};
		8697530627AE988D00B499BB /* Utils */ = {
			isa = PBXGroup;
			children = (
				8697530227AE987A00B499BB /* Color+Ext.swift */,
				8697530427AE988700B499BB /* Assets.swift */,
				8697530027AE96A100B499BB /* Font */,
			);
			path = Utils;
			sourceTree = "<group>";
		};
		8697530927AE99BB00B499BB /* Model */ = {
			isa = PBXGroup;
			children = (
				8697530727AE995C00B499BB /* Reminder.swift */,
			);
			path = Model;
			sourceTree = "<group>";
		};
/* End PBXGroup section */

/* Begin PBXNativeTarget section */
		869752E527AE936800B499BB /* Trash Reminder */ = {
			isa = PBXNativeTarget;
			buildConfigurationList = 869752F427AE936800B499BB /* Build configuration list for PBXNativeTarget "Trash Reminder" */;
			buildPhases = (
				869752E227AE936800B499BB /* Sources */,
				869752E327AE936800B499BB /* Frameworks */,
				869752E427AE936800B499BB /* Resources */,
			);
			buildRules = (
			);
			dependencies = (
			);
			name = "Trash Reminder";
			productName = "Trash Reminder";
			productReference = 869752E627AE936800B499BB /* Trash Reminder.app */;
			productType = "com.apple.product-type.application";
		};
/* End PBXNativeTarget section */

/* Begin PBXProject section */
		869752DE27AE936800B499BB /* Project object */ = {
			isa = PBXProject;
			attributes = {
				BuildIndependentTargetsInParallel = 1;
				LastSwiftUpdateCheck = 1320;
				LastUpgradeCheck = 1320;
				TargetAttributes = {
					869752E527AE936800B499BB = {
						CreatedOnToolsVersion = 13.2.1;
					};
				};
			};
			buildConfigurationList = 869752E127AE936800B499BB /* Build configuration list for PBXProject "Trash Reminder" */;
			compatibilityVersion = "Xcode 13.0";
			developmentRegion = en;
			hasScannedForEncodings = 0;
			knownRegions = (
				en,
				Base,
			);
			mainGroup = 869752DD27AE936800B499BB;
			productRefGroup = 869752E727AE936800B499BB /* Products */;
			projectDirPath = "";
			projectRoot = "";
			targets = (
				869752E527AE936800B499BB /* Trash Reminder */,
			);
		};
/* End PBXProject section */

/* Begin PBXResourcesBuildPhase section */
		869752E427AE936800B499BB /* Resources */ = {
			isa = PBXResourcesBuildPhase;
			buildActionMask = 2147483647;
			files = (
				869752F127AE936800B499BB /* Preview Assets.xcassets in Resources */,
				8697530127AE96E200B499BB /* Texturina.ttf in Resources */,
				869752EE27AE936800B499BB /* Assets.xcassets in Resources */,
				869752FA27AE944300B499BB /* Texturina-Italic.ttf in Resources */,
			);
			runOnlyForDeploymentPostprocessing = 0;
		};
/* End PBXResourcesBuildPhase section */

/* Begin PBXSourcesBuildPhase section */
		869752E227AE936800B499BB /* Sources */ = {
			isa = PBXSourcesBuildPhase;
			buildActionMask = 2147483647;
			files = (
				869752EC27AE936800B499BB /* ContentView.swift in Sources */,
				8697530327AE987A00B499BB /* Color+Ext.swift in Sources */,
				869752EA27AE936800B499BB /* Trash_ReminderApp.swift in Sources */,
				8697530D27AEA8E900B499BB /* ReminderView.swift in Sources */,
				8697530827AE995C00B499BB /* Reminder.swift in Sources */,
				8697530527AE988700B499BB /* Assets.swift in Sources */,
				869752FF27AE964500B499BB /* Font.swift in Sources */,
			);
			runOnlyForDeploymentPostprocessing = 0;
		};
/* End PBXSourcesBuildPhase section */

/* Begin XCBuildConfiguration section */
		869752F227AE936800B499BB /* Debug */ = {
			isa = XCBuildConfiguration;
			buildSettings = {
				ALWAYS_SEARCH_USER_PATHS = NO;
				CLANG_ANALYZER_NONNULL = YES;
				CLANG_ANALYZER_NUMBER_OBJECT_CONVERSION = YES_AGGRESSIVE;
				CLANG_CXX_LANGUAGE_STANDARD = "gnu++17";
				CLANG_CXX_LIBRARY = "libc++";
				CLANG_ENABLE_MODULES = YES;
				CLANG_ENABLE_OBJC_ARC = YES;
				CLANG_ENABLE_OBJC_WEAK = YES;
				CLANG_WARN_BLOCK_CAPTURE_AUTORELEASING = YES;
				CLANG_WARN_BOOL_CONVERSION = YES;
				CLANG_WARN_COMMA = YES;
				CLANG_WARN_CONSTANT_CONVERSION = YES;
				CLANG_WARN_DEPRECATED_OBJC_IMPLEMENTATIONS = YES;
				CLANG_WARN_DIRECT_OBJC_ISA_USAGE = YES_ERROR;
				CLANG_WARN_DOCUMENTATION_COMMENTS = YES;
				CLANG_WARN_EMPTY_BODY = YES;
				CLANG_WARN_ENUM_CONVERSION = YES;
				CLANG_WARN_INFINITE_RECURSION = YES;
				CLANG_WARN_INT_CONVERSION = YES;
				CLANG_WARN_NON_LITERAL_NULL_CONVERSION = YES;
				CLANG_WARN_OBJC_IMPLICIT_RETAIN_SELF = YES;
				CLANG_WARN_OBJC_LITERAL_CONVERSION = YES;
				CLANG_WARN_OBJC_ROOT_CLASS = YES_ERROR;
				CLANG_WARN_QUOTED_INCLUDE_IN_FRAMEWORK_HEADER = YES;
				CLANG_WARN_RANGE_LOOP_ANALYSIS = YES;
				CLANG_WARN_STRICT_PROTOTYPES = YES;
				CLANG_WARN_SUSPICIOUS_MOVE = YES;
				CLANG_WARN_UNGUARDED_AVAILABILITY = YES_AGGRESSIVE;
				CLANG_WARN_UNREACHABLE_CODE = YES;
				CLANG_WARN__DUPLICATE_METHOD_MATCH = YES;
				COPY_PHASE_STRIP = NO;
				DEBUG_INFORMATION_FORMAT = dwarf;
				ENABLE_STRICT_OBJC_MSGSEND = YES;
				ENABLE_TESTABILITY = YES;
				GCC_C_LANGUAGE_STANDARD = gnu11;
				GCC_DYNAMIC_NO_PIC = NO;
				GCC_NO_COMMON_BLOCKS = YES;
				GCC_OPTIMIZATION_LEVEL = 0;
				GCC_PREPROCESSOR_DEFINITIONS = (
					"DEBUG=1",
					"$(inherited)",
				);
				GCC_WARN_64_TO_32_BIT_CONVERSION = YES;
				GCC_WARN_ABOUT_RETURN_TYPE = YES_ERROR;
				GCC_WARN_UNDECLARED_SELECTOR = YES;
				GCC_WARN_UNINITIALIZED_AUTOS = YES_AGGRESSIVE;
				GCC_WARN_UNUSED_FUNCTION = YES;
				GCC_WARN_UNUSED_VARIABLE = YES;
				IPHONEOS_DEPLOYMENT_TARGET = 15.2;
				MTL_ENABLE_DEBUG_INFO = INCLUDE_SOURCE;
				MTL_FAST_MATH = YES;
				ONLY_ACTIVE_ARCH = YES;
				SDKROOT = iphoneos;
				SWIFT_ACTIVE_COMPILATION_CONDITIONS = DEBUG;
				SWIFT_OPTIMIZATION_LEVEL = "-Onone";
			};
			name = Debug;
		};
		869752F327AE936800B499BB /* Release */ = {
			isa = XCBuildConfiguration;
			buildSettings = {
				ALWAYS_SEARCH_USER_PATHS = NO;
				CLANG_ANALYZER_NONNULL = YES;
				CLANG_ANALYZER_NUMBER_OBJECT_CONVERSION = YES_AGGRESSIVE;
				CLANG_CXX_LANGUAGE_STANDARD = "gnu++17";
				CLANG_CXX_LIBRARY = "libc++";
				CLANG_ENABLE_MODULES = YES;
				CLANG_ENABLE_OBJC_ARC = YES;
				CLANG_ENABLE_OBJC_WEAK = YES;
				CLANG_WARN_BLOCK_CAPTURE_AUTORELEASING = YES;
				CLANG_WARN_BOOL_CONVERSION = YES;
				CLANG_WARN_COMMA = YES;
				CLANG_WARN_CONSTANT_CONVERSION = YES;
				CLANG_WARN_DEPRECATED_OBJC_IMPLEMENTATIONS = YES;
				CLANG_WARN_DIRECT_OBJC_ISA_USAGE = YES_ERROR;
				CLANG_WARN_DOCUMENTATION_COMMENTS = YES;
				CLANG_WARN_EMPTY_BODY = YES;
				CLANG_WARN_ENUM_CONVERSION = YES;
				CLANG_WARN_INFINITE_RECURSION = YES;
				CLANG_WARN_INT_CONVERSION = YES;
				CLANG_WARN_NON_LITERAL_NULL_CONVERSION = YES;
				CLANG_WARN_OBJC_IMPLICIT_RETAIN_SELF = YES;
				CLANG_WARN_OBJC_LITERAL_CONVERSION = YES;
				CLANG_WARN_OBJC_ROOT_CLASS = YES_ERROR;
				CLANG_WARN_QUOTED_INCLUDE_IN_FRAMEWORK_HEADER = YES;
				CLANG_WARN_RANGE_LOOP_ANALYSIS = YES;
				CLANG_WARN_STRICT_PROTOTYPES = YES;
				CLANG_WARN_SUSPICIOUS_MOVE = YES;
				CLANG_WARN_UNGUARDED_AVAILABILITY = YES_AGGRESSIVE;
				CLANG_WARN_UNREACHABLE_CODE = YES;
				CLANG_WARN__DUPLICATE_METHOD_MATCH = YES;
				COPY_PHASE_STRIP = NO;
				DEBUG_INFORMATION_FORMAT = "dwarf-with-dsym";
				ENABLE_NS_ASSERTIONS = NO;
				ENABLE_STRICT_OBJC_MSGSEND = YES;
				GCC_C_LANGUAGE_STANDARD = gnu11;
				GCC_NO_COMMON_BLOCKS = YES;
				GCC_WARN_64_TO_32_BIT_CONVERSION = YES;
				GCC_WARN_ABOUT_RETURN_TYPE = YES_ERROR;
				GCC_WARN_UNDECLARED_SELECTOR = YES;
				GCC_WARN_UNINITIALIZED_AUTOS = YES_AGGRESSIVE;
				GCC_WARN_UNUSED_FUNCTION = YES;
				GCC_WARN_UNUSED_VARIABLE = YES;
				IPHONEOS_DEPLOYMENT_TARGET = 15.2;
				MTL_ENABLE_DEBUG_INFO = NO;
				MTL_FAST_MATH = YES;
				SDKROOT = iphoneos;
				SWIFT_COMPILATION_MODE = wholemodule;
				SWIFT_OPTIMIZATION_LEVEL = "-O";
				VALIDATE_PRODUCT = YES;
			};
			name = Release;
		};
		869752F527AE936800B499BB /* Debug */ = {
			isa = XCBuildConfiguration;
			buildSettings = {
				ASSETCATALOG_COMPILER_APPICON_NAME = AppIcon;
				ASSETCATALOG_COMPILER_GLOBAL_ACCENT_COLOR_NAME = AccentColor;
				CODE_SIGN_STYLE = Automatic;
				CURRENT_PROJECT_VERSION = 1;
				DEVELOPMENT_ASSET_PATHS = "\"Trash Reminder/Preview Content\"";
				DEVELOPMENT_TEAM = N96T5K2D2H;
				ENABLE_PREVIEWS = YES;
				GENERATE_INFOPLIST_FILE = YES;
				INFOPLIST_FILE = "Trash-Reminder-Info.plist";
				INFOPLIST_KEY_LSApplicationCategoryType = "";
				INFOPLIST_KEY_UIApplicationSceneManifest_Generation = YES;
				INFOPLIST_KEY_UIApplicationSupportsIndirectInputEvents = YES;
				INFOPLIST_KEY_UILaunchScreen_Generation = YES;
				INFOPLIST_KEY_UISupportedInterfaceOrientations_iPad = "UIInterfaceOrientationPortrait UIInterfaceOrientationPortraitUpsideDown UIInterfaceOrientationLandscapeLeft UIInterfaceOrientationLandscapeRight";
				INFOPLIST_KEY_UISupportedInterfaceOrientations_iPhone = "UIInterfaceOrientationPortrait UIInterfaceOrientationLandscapeLeft UIInterfaceOrientationLandscapeRight";
				LD_RUNPATH_SEARCH_PATHS = (
					"$(inherited)",
					"@executable_path/Frameworks",
				);
				MARKETING_VERSION = 1.0;
				PRODUCT_BUNDLE_IDENTIFIER = "oriapy.Trash-Reminder";
				PRODUCT_NAME = "$(TARGET_NAME)";
				SWIFT_EMIT_LOC_STRINGS = YES;
				SWIFT_VERSION = 5.0;
				TARGETED_DEVICE_FAMILY = "1,2";
			};
			name = Debug;
		};
		869752F627AE936800B499BB /* Release */ = {
			isa = XCBuildConfiguration;
			buildSettings = {
				ASSETCATALOG_COMPILER_APPICON_NAME = AppIcon;
				ASSETCATALOG_COMPILER_GLOBAL_ACCENT_COLOR_NAME = AccentColor;
				CODE_SIGN_STYLE = Automatic;
				CURRENT_PROJECT_VERSION = 1;
				DEVELOPMENT_ASSET_PATHS = "\"Trash Reminder/Preview Content\"";
				DEVELOPMENT_TEAM = N96T5K2D2H;
				ENABLE_PREVIEWS = YES;
				GENERATE_INFOPLIST_FILE = YES;
				INFOPLIST_FILE = "Trash-Reminder-Info.plist";
				INFOPLIST_KEY_LSApplicationCategoryType = "";
				INFOPLIST_KEY_UIApplicationSceneManifest_Generation = YES;
				INFOPLIST_KEY_UIApplicationSupportsIndirectInputEvents = YES;
				INFOPLIST_KEY_UILaunchScreen_Generation = YES;
				INFOPLIST_KEY_UISupportedInterfaceOrientations_iPad = "UIInterfaceOrientationPortrait UIInterfaceOrientationPortraitUpsideDown UIInterfaceOrientationLandscapeLeft UIInterfaceOrientationLandscapeRight";
				INFOPLIST_KEY_UISupportedInterfaceOrientations_iPhone = "UIInterfaceOrientationPortrait UIInterfaceOrientationLandscapeLeft UIInterfaceOrientationLandscapeRight";
				LD_RUNPATH_SEARCH_PATHS = (
					"$(inherited)",
					"@executable_path/Frameworks",
				);
				MARKETING_VERSION = 1.0;
				PRODUCT_BUNDLE_IDENTIFIER = "oriapy.Trash-Reminder";
				PRODUCT_NAME = "$(TARGET_NAME)";
				SWIFT_EMIT_LOC_STRINGS = YES;
				SWIFT_VERSION = 5.0;
				TARGETED_DEVICE_FAMILY = "1,2";
			};
			name = Release;
		};
/* End XCBuildConfiguration section */

/* Begin XCConfigurationList section */
		869752E127AE936800B499BB /* Build configuration list for PBXProject "Trash Reminder" */ = {
			isa = XCConfigurationList;
			buildConfigurations = (
				869752F227AE936800B499BB /* Debug */,
				869752F327AE936800B499BB /* Release */,
			);
			defaultConfigurationIsVisible = 0;
			defaultConfigurationName = Release;
		};
		869752F427AE936800B499BB /* Build configuration list for PBXNativeTarget "Trash Reminder" */ = {
			isa = XCConfigurationList;
			buildConfigurations = (
				869752F527AE936800B499BB /* Debug */,
				869752F627AE936800B499BB /* Release */,
			);
			defaultConfigurationIsVisible = 0;
			defaultConfigurationName = Release;
		};
/* End XCConfigurationList section */
	};
	rootObject = 869752DE27AE936800B499BB /* Project object */;
}
